// !$*UTF8*$!
{
	archiveVersion = 1;
	classes = {
	};
	objectVersion = 46;
	objects = {

/* Begin PBXBuildFile section */
		200F49D31C6ED8C400A24A49 /* AppDelegate.swift in Sources */ = {isa = PBXBuildFile; fileRef = 200F49D21C6ED8C400A24A49 /* AppDelegate.swift */; };
		200F49D51C6ED8C400A24A49 /* GameScene.sks in Resources */ = {isa = PBXBuildFile; fileRef = 200F49D41C6ED8C400A24A49 /* GameScene.sks */; };
		200F49D71C6ED8C400A24A49 /* GameScene.swift in Sources */ = {isa = PBXBuildFile; fileRef = 200F49D61C6ED8C400A24A49 /* GameScene.swift */; };
		200F49D91C6ED8C400A24A49 /* HomeViewController.swift in Sources */ = {isa = PBXBuildFile; fileRef = 200F49D81C6ED8C400A24A49 /* HomeViewController.swift */; };
		200F49DC1C6ED8C400A24A49 /* Main.storyboard in Resources */ = {isa = PBXBuildFile; fileRef = 200F49DA1C6ED8C400A24A49 /* Main.storyboard */; };
		200F49DE1C6ED8C400A24A49 /* Assets.xcassets in Resources */ = {isa = PBXBuildFile; fileRef = 200F49DD1C6ED8C400A24A49 /* Assets.xcassets */; };
		200F49E11C6ED8C400A24A49 /* LaunchScreen.storyboard in Resources */ = {isa = PBXBuildFile; fileRef = 200F49DF1C6ED8C400A24A49 /* LaunchScreen.storyboard */; };
		200F49EC1C6ED8C400A24A49 /* Ember_RunTests.swift in Sources */ = {isa = PBXBuildFile; fileRef = 200F49EB1C6ED8C400A24A49 /* Ember_RunTests.swift */; };
		200F49F71C6ED8C400A24A49 /* Ember_RunUITests.swift in Sources */ = {isa = PBXBuildFile; fileRef = 200F49F61C6ED8C400A24A49 /* Ember_RunUITests.swift */; };
		200F4A051C6EE41100A24A49 /* GameViewController.swift in Sources */ = {isa = PBXBuildFile; fileRef = 200F4A041C6EE41100A24A49 /* GameViewController.swift */; };
		200F4A291C6EF0D600A24A49 /* WallBuilder.swift in Sources */ = {isa = PBXBuildFile; fileRef = 200F4A281C6EF0D600A24A49 /* WallBuilder.swift */; };
		200F4A2B1C6FFD6D00A24A49 /* WheelPlacer.swift in Sources */ = {isa = PBXBuildFile; fileRef = 200F4A2A1C6FFD6D00A24A49 /* WheelPlacer.swift */; };
		200F4A2D1C70048600A24A49 /* Constants.swift in Sources */ = {isa = PBXBuildFile; fileRef = 200F4A2C1C70048600A24A49 /* Constants.swift */; };
		200F4A2F1C719DC700A24A49 /* PhysicsManager.swift in Sources */ = {isa = PBXBuildFile; fileRef = 200F4A2E1C719DC700A24A49 /* PhysicsManager.swift */; };
		200F4A311C727D5C00A24A49 /* Player.swift in Sources */ = {isa = PBXBuildFile; fileRef = 200F4A301C727D5C00A24A49 /* Player.swift */; };
		20B66E321C75540C0062AA16 /* Util.swift in Sources */ = {isa = PBXBuildFile; fileRef = 20B66E311C75540C0062AA16 /* Util.swift */; };
/* End PBXBuildFile section */

/* Begin PBXContainerItemProxy section */
		200F49E81C6ED8C400A24A49 /* PBXContainerItemProxy */ = {
			isa = PBXContainerItemProxy;
			containerPortal = 200F49C71C6ED8C300A24A49 /* Project object */;
			proxyType = 1;
			remoteGlobalIDString = 200F49CE1C6ED8C300A24A49;
			remoteInfo = "Ember Run";
		};
		200F49F31C6ED8C400A24A49 /* PBXContainerItemProxy */ = {
			isa = PBXContainerItemProxy;
			containerPortal = 200F49C71C6ED8C300A24A49 /* Project object */;
			proxyType = 1;
			remoteGlobalIDString = 200F49CE1C6ED8C300A24A49;
			remoteInfo = "Ember Run";
		};
/* End PBXContainerItemProxy section */

/* Begin PBXFileReference section */
		200F49CF1C6ED8C300A24A49 /* Ember Run.app */ = {isa = PBXFileReference; explicitFileType = wrapper.application; includeInIndex = 0; path = "Ember Run.app"; sourceTree = BUILT_PRODUCTS_DIR; };
		200F49D21C6ED8C400A24A49 /* AppDelegate.swift */ = {isa = PBXFileReference; lastKnownFileType = sourcecode.swift; path = AppDelegate.swift; sourceTree = "<group>"; };
		200F49D41C6ED8C400A24A49 /* GameScene.sks */ = {isa = PBXFileReference; lastKnownFileType = file.sks; path = GameScene.sks; sourceTree = "<group>"; };
		200F49D61C6ED8C400A24A49 /* GameScene.swift */ = {isa = PBXFileReference; lastKnownFileType = sourcecode.swift; path = GameScene.swift; sourceTree = "<group>"; };
		200F49D81C6ED8C400A24A49 /* HomeViewController.swift */ = {isa = PBXFileReference; lastKnownFileType = sourcecode.swift; path = HomeViewController.swift; sourceTree = "<group>"; };
		200F49DB1C6ED8C400A24A49 /* Base */ = {isa = PBXFileReference; lastKnownFileType = file.storyboard; name = Base; path = Base.lproj/Main.storyboard; sourceTree = "<group>"; };
		200F49DD1C6ED8C400A24A49 /* Assets.xcassets */ = {isa = PBXFileReference; lastKnownFileType = folder.assetcatalog; path = Assets.xcassets; sourceTree = "<group>"; };
		200F49E01C6ED8C400A24A49 /* Base */ = {isa = PBXFileReference; lastKnownFileType = file.storyboard; name = Base; path = Base.lproj/LaunchScreen.storyboard; sourceTree = "<group>"; };
		200F49E21C6ED8C400A24A49 /* Info.plist */ = {isa = PBXFileReference; lastKnownFileType = text.plist.xml; path = Info.plist; sourceTree = "<group>"; };
		200F49E71C6ED8C400A24A49 /* Ember RunTests.xctest */ = {isa = PBXFileReference; explicitFileType = wrapper.cfbundle; includeInIndex = 0; path = "Ember RunTests.xctest"; sourceTree = BUILT_PRODUCTS_DIR; };
		200F49EB1C6ED8C400A24A49 /* Ember_RunTests.swift */ = {isa = PBXFileReference; lastKnownFileType = sourcecode.swift; path = Ember_RunTests.swift; sourceTree = "<group>"; };
		200F49ED1C6ED8C400A24A49 /* Info.plist */ = {isa = PBXFileReference; lastKnownFileType = text.plist.xml; path = Info.plist; sourceTree = "<group>"; };
		200F49F21C6ED8C400A24A49 /* Ember RunUITests.xctest */ = {isa = PBXFileReference; explicitFileType = wrapper.cfbundle; includeInIndex = 0; path = "Ember RunUITests.xctest"; sourceTree = BUILT_PRODUCTS_DIR; };
		200F49F61C6ED8C400A24A49 /* Ember_RunUITests.swift */ = {isa = PBXFileReference; lastKnownFileType = sourcecode.swift; path = Ember_RunUITests.swift; sourceTree = "<group>"; };
		200F49F81C6ED8C400A24A49 /* Info.plist */ = {isa = PBXFileReference; lastKnownFileType = text.plist.xml; path = Info.plist; sourceTree = "<group>"; };
		200F4A041C6EE41100A24A49 /* GameViewController.swift */ = {isa = PBXFileReference; fileEncoding = 4; lastKnownFileType = sourcecode.swift; path = GameViewController.swift; sourceTree = "<group>"; };
		200F4A281C6EF0D600A24A49 /* WallBuilder.swift */ = {isa = PBXFileReference; fileEncoding = 4; lastKnownFileType = sourcecode.swift; path = WallBuilder.swift; sourceTree = "<group>"; };
		200F4A2A1C6FFD6D00A24A49 /* WheelPlacer.swift */ = {isa = PBXFileReference; fileEncoding = 4; lastKnownFileType = sourcecode.swift; path = WheelPlacer.swift; sourceTree = "<group>"; };
		200F4A2C1C70048600A24A49 /* Constants.swift */ = {isa = PBXFileReference; fileEncoding = 4; lastKnownFileType = sourcecode.swift; path = Constants.swift; sourceTree = "<group>"; };
		200F4A2E1C719DC700A24A49 /* PhysicsManager.swift */ = {isa = PBXFileReference; fileEncoding = 4; lastKnownFileType = sourcecode.swift; path = PhysicsManager.swift; sourceTree = "<group>"; };
		200F4A301C727D5C00A24A49 /* Player.swift */ = {isa = PBXFileReference; fileEncoding = 4; lastKnownFileType = sourcecode.swift; path = Player.swift; sourceTree = "<group>"; };
		20B66E311C75540C0062AA16 /* Util.swift */ = {isa = PBXFileReference; fileEncoding = 4; lastKnownFileType = sourcecode.swift; path = Util.swift; sourceTree = "<group>"; };
/* End PBXFileReference section */

/* Begin PBXFrameworksBuildPhase section */
		200F49CC1C6ED8C300A24A49 /* Frameworks */ = {
			isa = PBXFrameworksBuildPhase;
			buildActionMask = 2147483647;
			files = (
			);
			runOnlyForDeploymentPostprocessing = 0;
		};
		200F49E41C6ED8C400A24A49 /* Frameworks */ = {
			isa = PBXFrameworksBuildPhase;
			buildActionMask = 2147483647;
			files = (
			);
			runOnlyForDeploymentPostprocessing = 0;
		};
		200F49EF1C6ED8C400A24A49 /* Frameworks */ = {
			isa = PBXFrameworksBuildPhase;
			buildActionMask = 2147483647;
			files = (
			);
			runOnlyForDeploymentPostprocessing = 0;
		};
/* End PBXFrameworksBuildPhase section */

/* Begin PBXGroup section */
		200F49C61C6ED8C300A24A49 = {
			isa = PBXGroup;
			children = (
				200F49D11C6ED8C400A24A49 /* Ember Run */,
				200F49EA1C6ED8C400A24A49 /* Ember RunTests */,
				200F49F51C6ED8C400A24A49 /* Ember RunUITests */,
				200F49D01C6ED8C300A24A49 /* Products */,
			);
			sourceTree = "<group>";
		};
		200F49D01C6ED8C300A24A49 /* Products */ = {
			isa = PBXGroup;
			children = (
				200F49CF1C6ED8C300A24A49 /* Ember Run.app */,
				200F49E71C6ED8C400A24A49 /* Ember RunTests.xctest */,
				200F49F21C6ED8C400A24A49 /* Ember RunUITests.xctest */,
			);
			name = Products;
			sourceTree = "<group>";
		};
		200F49D11C6ED8C400A24A49 /* Ember Run */ = {
			isa = PBXGroup;
			children = (
				20B66E301C7553F90062AA16 /* Util */,
				20B66E2F1C7401670062AA16 /* View */,
				20B66E2E1C7401530062AA16 /* Model */,
				20B66E2D1C7401370062AA16 /* Controller */,
				200F49D21C6ED8C400A24A49 /* AppDelegate.swift */,
				200F49DD1C6ED8C400A24A49 /* Assets.xcassets */,
				200F49E21C6ED8C400A24A49 /* Info.plist */,
			);
			path = "Ember Run";
			sourceTree = "<group>";
		};
		200F49EA1C6ED8C400A24A49 /* Ember RunTests */ = {
			isa = PBXGroup;
			children = (
				200F49EB1C6ED8C400A24A49 /* Ember_RunTests.swift */,
				200F49ED1C6ED8C400A24A49 /* Info.plist */,
			);
			path = "Ember RunTests";
			sourceTree = "<group>";
		};
		200F49F51C6ED8C400A24A49 /* Ember RunUITests */ = {
			isa = PBXGroup;
			children = (
				200F49F61C6ED8C400A24A49 /* Ember_RunUITests.swift */,
				200F49F81C6ED8C400A24A49 /* Info.plist */,
			);
			path = "Ember RunUITests";
			sourceTree = "<group>";
		};
		20B66E2D1C7401370062AA16 /* Controller */ = {
			isa = PBXGroup;
			children = (
				200F49D81C6ED8C400A24A49 /* HomeViewController.swift */,
				200F4A041C6EE41100A24A49 /* GameViewController.swift */,
			);
			name = Controller;
			sourceTree = "<group>";
		};
		20B66E2E1C7401530062AA16 /* Model */ = {
			isa = PBXGroup;
			children = (
				200F49D61C6ED8C400A24A49 /* GameScene.swift */,
				200F4A281C6EF0D600A24A49 /* WallBuilder.swift */,
				200F4A2A1C6FFD6D00A24A49 /* WheelPlacer.swift */,
				200F4A2E1C719DC700A24A49 /* PhysicsManager.swift */,
				200F4A301C727D5C00A24A49 /* Player.swift */,
			);
			name = Model;
			sourceTree = "<group>";
		};
		20B66E2F1C7401670062AA16 /* View */ = {
			isa = PBXGroup;
			children = (
				200F49D41C6ED8C400A24A49 /* GameScene.sks */,
				200F49DA1C6ED8C400A24A49 /* Main.storyboard */,
				200F49DF1C6ED8C400A24A49 /* LaunchScreen.storyboard */,
			);
			name = View;
			sourceTree = "<group>";
		};
		20B66E301C7553F90062AA16 /* Util */ = {
			isa = PBXGroup;
			children = (
				200F4A2C1C70048600A24A49 /* Constants.swift */,
				20B66E311C75540C0062AA16 /* Util.swift */,
			);
			name = Util;
			sourceTree = "<group>";
		};
/* End PBXGroup section */

/* Begin PBXNativeTarget section */
		200F49CE1C6ED8C300A24A49 /* Ember Run */ = {
			isa = PBXNativeTarget;
			buildConfigurationList = 200F49FB1C6ED8C400A24A49 /* Build configuration list for PBXNativeTarget "Ember Run" */;
			buildPhases = (
				200F49CB1C6ED8C300A24A49 /* Sources */,
				200F49CC1C6ED8C300A24A49 /* Frameworks */,
				200F49CD1C6ED8C300A24A49 /* Resources */,
			);
			buildRules = (
			);
			dependencies = (
			);
			name = "Ember Run";
			productName = "Ember Run";
			productReference = 200F49CF1C6ED8C300A24A49 /* Ember Run.app */;
			productType = "com.apple.product-type.application";
		};
		200F49E61C6ED8C400A24A49 /* Ember RunTests */ = {
			isa = PBXNativeTarget;
			buildConfigurationList = 200F49FE1C6ED8C400A24A49 /* Build configuration list for PBXNativeTarget "Ember RunTests" */;
			buildPhases = (
				200F49E31C6ED8C400A24A49 /* Sources */,
				200F49E41C6ED8C400A24A49 /* Frameworks */,
				200F49E51C6ED8C400A24A49 /* Resources */,
			);
			buildRules = (
			);
			dependencies = (
				200F49E91C6ED8C400A24A49 /* PBXTargetDependency */,
			);
			name = "Ember RunTests";
			productName = "Ember RunTests";
			productReference = 200F49E71C6ED8C400A24A49 /* Ember RunTests.xctest */;
			productType = "com.apple.product-type.bundle.unit-test";
		};
		200F49F11C6ED8C400A24A49 /* Ember RunUITests */ = {
			isa = PBXNativeTarget;
			buildConfigurationList = 200F4A011C6ED8C400A24A49 /* Build configuration list for PBXNativeTarget "Ember RunUITests" */;
			buildPhases = (
				200F49EE1C6ED8C400A24A49 /* Sources */,
				200F49EF1C6ED8C400A24A49 /* Frameworks */,
				200F49F01C6ED8C400A24A49 /* Resources */,
			);
			buildRules = (
			);
			dependencies = (
				200F49F41C6ED8C400A24A49 /* PBXTargetDependency */,
			);
			name = "Ember RunUITests";
			productName = "Ember RunUITests";
			productReference = 200F49F21C6ED8C400A24A49 /* Ember RunUITests.xctest */;
			productType = "com.apple.product-type.bundle.ui-testing";
		};
/* End PBXNativeTarget section */

/* Begin PBXProject section */
		200F49C71C6ED8C300A24A49 /* Project object */ = {
			isa = PBXProject;
			attributes = {
				LastSwiftUpdateCheck = 0720;
				LastUpgradeCheck = 0720;
				ORGANIZATIONNAME = "Ilya Shaisultanov";
				TargetAttributes = {
					200F49CE1C6ED8C300A24A49 = {
						CreatedOnToolsVersion = 7.2.1;
						DevelopmentTeam = 5F6QZASLQP;
					};
					200F49E61C6ED8C400A24A49 = {
						CreatedOnToolsVersion = 7.2.1;
						DevelopmentTeam = 5F6QZASLQP;
						TestTargetID = 200F49CE1C6ED8C300A24A49;
					};
					200F49F11C6ED8C400A24A49 = {
						CreatedOnToolsVersion = 7.2.1;
						DevelopmentTeam = 5F6QZASLQP;
						TestTargetID = 200F49CE1C6ED8C300A24A49;
					};
				};
			};
			buildConfigurationList = 200F49CA1C6ED8C300A24A49 /* Build configuration list for PBXProject "Ember Run" */;
			compatibilityVersion = "Xcode 3.2";
			developmentRegion = English;
			hasScannedForEncodings = 0;
			knownRegions = (
				en,
				Base,
			);
			mainGroup = 200F49C61C6ED8C300A24A49;
			productRefGroup = 200F49D01C6ED8C300A24A49 /* Products */;
			projectDirPath = "";
			projectRoot = "";
			targets = (
				200F49CE1C6ED8C300A24A49 /* Ember Run */,
				200F49E61C6ED8C400A24A49 /* Ember RunTests */,
				200F49F11C6ED8C400A24A49 /* Ember RunUITests */,
			);
		};
/* End PBXProject section */

/* Begin PBXResourcesBuildPhase section */
		200F49CD1C6ED8C300A24A49 /* Resources */ = {
			isa = PBXResourcesBuildPhase;
			buildActionMask = 2147483647;
			files = (
				200F49D51C6ED8C400A24A49 /* GameScene.sks in Resources */,
				200F49E11C6ED8C400A24A49 /* LaunchScreen.storyboard in Resources */,
				200F49DE1C6ED8C400A24A49 /* Assets.xcassets in Resources */,
				200F49DC1C6ED8C400A24A49 /* Main.storyboard in Resources */,
			);
			runOnlyForDeploymentPostprocessing = 0;
		};
		200F49E51C6ED8C400A24A49 /* Resources */ = {
			isa = PBXResourcesBuildPhase;
			buildActionMask = 2147483647;
			files = (
			);
			runOnlyForDeploymentPostprocessing = 0;
		};
		200F49F01C6ED8C400A24A49 /* Resources */ = {
			isa = PBXResourcesBuildPhase;
			buildActionMask = 2147483647;
			files = (
			);
			runOnlyForDeploymentPostprocessing = 0;
		};
/* End PBXResourcesBuildPhase section */

/* Begin PBXSourcesBuildPhase section */
		200F49CB1C6ED8C300A24A49 /* Sources */ = {
			isa = PBXSourcesBuildPhase;
			buildActionMask = 2147483647;
			files = (
				200F4A2B1C6FFD6D00A24A49 /* WheelPlacer.swift in Sources */,
				200F49D71C6ED8C400A24A49 /* GameScene.swift in Sources */,
				200F49D91C6ED8C400A24A49 /* HomeViewController.swift in Sources */,
				200F49D31C6ED8C400A24A49 /* AppDelegate.swift in Sources */,
				200F4A2D1C70048600A24A49 /* Constants.swift in Sources */,
				200F4A2F1C719DC700A24A49 /* PhysicsManager.swift in Sources */,
				200F4A291C6EF0D600A24A49 /* WallBuilder.swift in Sources */,
				20B66E321C75540C0062AA16 /* Util.swift in Sources */,
				200F4A311C727D5C00A24A49 /* Player.swift in Sources */,
				200F4A051C6EE41100A24A49 /* GameViewController.swift in Sources */,
			);
			runOnlyForDeploymentPostprocessing = 0;
		};
		200F49E31C6ED8C400A24A49 /* Sources */ = {
			isa = PBXSourcesBuildPhase;
			buildActionMask = 2147483647;
			files = (
				200F49EC1C6ED8C400A24A49 /* Ember_RunTests.swift in Sources */,
			);
			runOnlyForDeploymentPostprocessing = 0;
		};
		200F49EE1C6ED8C400A24A49 /* Sources */ = {
			isa = PBXSourcesBuildPhase;
			buildActionMask = 2147483647;
			files = (
				200F49F71C6ED8C400A24A49 /* Ember_RunUITests.swift in Sources */,
			);
			runOnlyForDeploymentPostprocessing = 0;
		};
/* End PBXSourcesBuildPhase section */

/* Begin PBXTargetDependency section */
		200F49E91C6ED8C400A24A49 /* PBXTargetDependency */ = {
			isa = PBXTargetDependency;
			target = 200F49CE1C6ED8C300A24A49 /* Ember Run */;
			targetProxy = 200F49E81C6ED8C400A24A49 /* PBXContainerItemProxy */;
		};
		200F49F41C6ED8C400A24A49 /* PBXTargetDependency */ = {
			isa = PBXTargetDependency;
			target = 200F49CE1C6ED8C300A24A49 /* Ember Run */;
			targetProxy = 200F49F31C6ED8C400A24A49 /* PBXContainerItemProxy */;
		};
/* End PBXTargetDependency section */

/* Begin PBXVariantGroup section */
		200F49DA1C6ED8C400A24A49 /* Main.storyboard */ = {
			isa = PBXVariantGroup;
			children = (
				200F49DB1C6ED8C400A24A49 /* Base */,
			);
			name = Main.storyboard;
			sourceTree = "<group>";
		};
		200F49DF1C6ED8C400A24A49 /* LaunchScreen.storyboard */ = {
			isa = PBXVariantGroup;
			children = (
				200F49E01C6ED8C400A24A49 /* Base */,
			);
			name = LaunchScreen.storyboard;
			sourceTree = "<group>";
		};
/* End PBXVariantGroup section */

/* Begin XCBuildConfiguration section */
		200F49F91C6ED8C400A24A49 /* Debug */ = {
			isa = XCBuildConfiguration;
			buildSettings = {
				ALWAYS_SEARCH_USER_PATHS = NO;
				CLANG_CXX_LANGUAGE_STANDARD = "gnu++0x";
				CLANG_CXX_LIBRARY = "libc++";
				CLANG_ENABLE_MODULES = YES;
				CLANG_ENABLE_OBJC_ARC = YES;
				CLANG_WARN_BOOL_CONVERSION = YES;
				CLANG_WARN_CONSTANT_CONVERSION = YES;
				CLANG_WARN_DIRECT_OBJC_ISA_USAGE = YES_ERROR;
				CLANG_WARN_EMPTY_BODY = YES;
				CLANG_WARN_ENUM_CONVERSION = YES;
				CLANG_WARN_INT_CONVERSION = YES;
				CLANG_WARN_OBJC_ROOT_CLASS = YES_ERROR;
				CLANG_WARN_UNREACHABLE_CODE = YES;
				CLANG_WARN__DUPLICATE_METHOD_MATCH = YES;
				"CODE_SIGN_IDENTITY[sdk=iphoneos*]" = "iPhone Developer";
				COPY_PHASE_STRIP = NO;
				DEBUG_INFORMATION_FORMAT = "dwarf-with-dsym";
				ENABLE_STRICT_OBJC_MSGSEND = YES;
				ENABLE_TESTABILITY = YES;
				GCC_C_LANGUAGE_STANDARD = gnu99;
				GCC_DYNAMIC_NO_PIC = NO;
				GCC_NO_COMMON_BLOCKS = YES;
				GCC_OPTIMIZATION_LEVEL = 0;
				GCC_PREPROCESSOR_DEFINITIONS = (
					"DEBUG=1",
					"$(inherited)",
				);
				GCC_WARN_64_TO_32_BIT_CONVERSION = YES;
				GCC_WARN_ABOUT_RETURN_TYPE = YES_ERROR;
				GCC_WARN_UNDECLARED_SELECTOR = YES;
				GCC_WARN_UNINITIALIZED_AUTOS = YES_AGGRESSIVE;
				GCC_WARN_UNUSED_FUNCTION = YES;
				GCC_WARN_UNUSED_VARIABLE = YES;
				IPHONEOS_DEPLOYMENT_TARGET = 9.2;
				MTL_ENABLE_DEBUG_INFO = YES;
				ONLY_ACTIVE_ARCH = YES;
				SDKROOT = iphoneos;
				SWIFT_OPTIMIZATION_LEVEL = "-Onone";
			};
			name = Debug;
		};
		200F49FA1C6ED8C400A24A49 /* Release */ = {
			isa = XCBuildConfiguration;
			buildSettings = {
				ALWAYS_SEARCH_USER_PATHS = NO;
				CLANG_CXX_LANGUAGE_STANDARD = "gnu++0x";
				CLANG_CXX_LIBRARY = "libc++";
				CLANG_ENABLE_MODULES = YES;
				CLANG_ENABLE_OBJC_ARC = YES;
				CLANG_WARN_BOOL_CONVERSION = YES;
				CLANG_WARN_CONSTANT_CONVERSION = YES;
				CLANG_WARN_DIRECT_OBJC_ISA_USAGE = YES_ERROR;
				CLANG_WARN_EMPTY_BODY = YES;
				CLANG_WARN_ENUM_CONVERSION = YES;
				CLANG_WARN_INT_CONVERSION = YES;
				CLANG_WARN_OBJC_ROOT_CLASS = YES_ERROR;
				CLANG_WARN_UNREACHABLE_CODE = YES;
				CLANG_WARN__DUPLICATE_METHOD_MATCH = YES;
				"CODE_SIGN_IDENTITY[sdk=iphoneos*]" = "iPhone Developer";
				COPY_PHASE_STRIP = NO;
				DEBUG_INFORMATION_FORMAT = "dwarf-with-dsym";
				ENABLE_NS_ASSERTIONS = NO;
				ENABLE_STRICT_OBJC_MSGSEND = YES;
				GCC_C_LANGUAGE_STANDARD = gnu99;
				GCC_NO_COMMON_BLOCKS = YES;
				GCC_WARN_64_TO_32_BIT_CONVERSION = YES;
				GCC_WARN_ABOUT_RETURN_TYPE = YES_ERROR;
				GCC_WARN_UNDECLARED_SELECTOR = YES;
				GCC_WARN_UNINITIALIZED_AUTOS = YES_AGGRESSIVE;
				GCC_WARN_UNUSED_FUNCTION = YES;
				GCC_WARN_UNUSED_VARIABLE = YES;
				IPHONEOS_DEPLOYMENT_TARGET = 9.2;
				MTL_ENABLE_DEBUG_INFO = NO;
				SDKROOT = iphoneos;
				VALIDATE_PRODUCT = YES;
			};
			name = Release;
		};
		200F49FC1C6ED8C400A24A49 /* Debug */ = {
			isa = XCBuildConfiguration;
			buildSettings = {
				ASSETCATALOG_COMPILER_APPICON_NAME = AppIcon;
				INFOPLIST_FILE = "Ember Run/Info.plist";
				LD_RUNPATH_SEARCH_PATHS = "$(inherited) @executable_path/Frameworks";
				PRODUCT_BUNDLE_IDENTIFIER = "com.diversario.Ember-Run";
				PRODUCT_NAME = "$(TARGET_NAME)";
			};
			name = Debug;
		};
		200F49FD1C6ED8C400A24A49 /* Release */ = {
			isa = XCBuildConfiguration;
			buildSettings = {
				ASSETCATALOG_COMPILER_APPICON_NAME = AppIcon;
				INFOPLIST_FILE = "Ember Run/Info.plist";
				LD_RUNPATH_SEARCH_PATHS = "$(inherited) @executable_path/Frameworks";
				PRODUCT_BUNDLE_IDENTIFIER = "com.diversario.Ember-Run";
				PRODUCT_NAME = "$(TARGET_NAME)";
			};
			name = Release;
		};
		200F49FF1C6ED8C400A24A49 /* Debug */ = {
			isa = XCBuildConfiguration;
			buildSettings = {
				BUNDLE_LOADER = "$(TEST_HOST)";
				DEBUG_INFORMATION_FORMAT = dwarf;
				INFOPLIST_FILE = "Ember RunTests/Info.plist";
				LD_RUNPATH_SEARCH_PATHS = "$(inherited) @executable_path/Frameworks @loader_path/Frameworks";
				PRODUCT_BUNDLE_IDENTIFIER = "com.diversario.Ember-RunTests";
				PRODUCT_NAME = "$(TARGET_NAME)";
				TEST_HOST = "$(BUILT_PRODUCTS_DIR)/Ember Run.app/Ember Run";
			};
			name = Debug;
		};
		200F4A001C6ED8C400A24A49 /* Release */ = {
			isa = XCBuildConfiguration;
			buildSettings = {
				BUNDLE_LOADER = "$(TEST_HOST)";
				INFOPLIST_FILE = "Ember RunTests/Info.plist";
				LD_RUNPATH_SEARCH_PATHS = "$(inherited) @executable_path/Frameworks @loader_path/Frameworks";
				PRODUCT_BUNDLE_IDENTIFIER = "com.diversario.Ember-RunTests";
				PRODUCT_NAME = "$(TARGET_NAME)";
				TEST_HOST = "$(BUILT_PRODUCTS_DIR)/Ember Run.app/Ember Run";
			};
			name = Release;
		};
		200F4A021C6ED8C400A24A49 /* Debug */ = {
			isa = XCBuildConfiguration;
			buildSettings = {
				DEBUG_INFORMATION_FORMAT = dwarf;
				INFOPLIST_FILE = "Ember RunUITests/Info.plist";
				LD_RUNPATH_SEARCH_PATHS = "$(inherited) @executable_path/Frameworks @loader_path/Frameworks";
				PRODUCT_BUNDLE_IDENTIFIER = "com.diversario.Ember-RunUITests";
				PRODUCT_NAME = "$(TARGET_NAME)";
				TEST_TARGET_NAME = "Ember Run";
				USES_XCTRUNNER = YES;
			};
			name = Debug;
		};
		200F4A031C6ED8C400A24A49 /* Release */ = {
			isa = XCBuildConfiguration;
			buildSettings = {
				INFOPLIST_FILE = "Ember RunUITests/Info.plist";
				LD_RUNPATH_SEARCH_PATHS = "$(inherited) @executable_path/Frameworks @loader_path/Frameworks";
				PRODUCT_BUNDLE_IDENTIFIER = "com.diversario.Ember-RunUITests";
				PRODUCT_NAME = "$(TARGET_NAME)";
				TEST_TARGET_NAME = "Ember Run";
				USES_XCTRUNNER = YES;
			};
			name = Release;
		};
/* End XCBuildConfiguration section */

/* Begin XCConfigurationList section */
		200F49CA1C6ED8C300A24A49 /* Build configuration list for PBXProject "Ember Run" */ = {
			isa = XCConfigurationList;
			buildConfigurations = (
				200F49F91C6ED8C400A24A49 /* Debug */,
				200F49FA1C6ED8C400A24A49 /* Release */,
			);
			defaultConfigurationIsVisible = 0;
			defaultConfigurationName = Release;
		};
		200F49FB1C6ED8C400A24A49 /* Build configuration list for PBXNativeTarget "Ember Run" */ = {
			isa = XCConfigurationList;
			buildConfigurations = (
				200F49FC1C6ED8C400A24A49 /* Debug */,
				200F49FD1C6ED8C400A24A49 /* Release */,
			);
			defaultConfigurationIsVisible = 0;
			defaultConfigurationName = Release;
		};
		200F49FE1C6ED8C400A24A49 /* Build configuration list for PBXNativeTarget "Ember RunTests" */ = {
			isa = XCConfigurationList;
			buildConfigurations = (
				200F49FF1C6ED8C400A24A49 /* Debug */,
				200F4A001C6ED8C400A24A49 /* Release */,
			);
			defaultConfigurationIsVisible = 0;
			defaultConfigurationName = Release;
		};
		200F4A011C6ED8C400A24A49 /* Build configuration list for PBXNativeTarget "Ember RunUITests" */ = {
			isa = XCConfigurationList;
			buildConfigurations = (
				200F4A021C6ED8C400A24A49 /* Debug */,
				200F4A031C6ED8C400A24A49 /* Release */,
			);
			defaultConfigurationIsVisible = 0;
			defaultConfigurationName = Release;
		};
/* End XCConfigurationList section */
	};
	rootObject = 200F49C71C6ED8C300A24A49 /* Project object */;
}
